
Microsoft Visual Studio Solution File, Format Version 12.00
# Visual Studio Version 17
VisualStudioVersion = 17.1.32421.90
MinimumVisualStudioVersion = 10.0.40219.1
Project("{FAE04EC0-301F-11D3-BF4B-00C04F79EFBC}") = "FalcockDownloader", "FalcockDownloader\FalcockDownloader.csproj", "{EAD826DA-5871-4818-913D-AF9D265533BF}"
EndProject
Global
	GlobalSection(SolutionConfigurationPlatforms) = preSolution
		Debug|Any CPU = Debug|Any CPU
		Release|Any CPU = Release|Any CPU
	EndGlobalSection
	GlobalSection(ProjectConfigurationPlatforms) = postSolution
		{EAD826DA-5871-4818-913D-AF9D265533BF}.Debug|Any CPU.ActiveCfg = Debug|Any CPU
		{EAD826DA-5871-4818-913D-AF9D265533BF}.Debug|Any CPU.Build.0 = Debug|Any CPU
		{EAD826DA-5871-4818-913D-AF9D265533BF}.Release|Any CPU.ActiveCfg = Release|Any CPU
		{EAD826DA-5871-4818-913D-AF9D265533BF}.Release|Any CPU.Build.0 = Release|Any CPU
	EndGlobalSection
	GlobalSection(SolutionProperties) = preSolution
		HideSolutionNode = FALSE
	EndGlobalSection
	GlobalSection(ExtensibilityGlobals) = postSolution
		SolutionGuid = {78BDF31A-612E-4C1A-BB44-3B2E05763A03}
	EndGlobalSection
EndGlobal
